
Microsoft Visual Studio Solution File, Format Version 12.00
# Visual Studio Version 17
VisualStudioVersion = 17.14.36811.4 d17.14
MinimumVisualStudioVersion = 10.0.40219.1
Project("{FAE04EC0-301F-11D3-BF4B-00C04F79EFBC}") = "String_To_Integer_atoi", "String_To_Integer_atoi\String_To_Integer_atoi.csproj", "{8333C031-822D-46D3-82B2-4E408C425707}"
EndProject
Global
	GlobalSection(SolutionConfigurationPlatforms) = preSolution
		Debug|Any CPU = Debug|Any CPU
		Release|Any CPU = Release|Any CPU
	EndGlobalSection
	GlobalSection(ProjectConfigurationPlatforms) = postSolution
		{8333C031-822D-46D3-82B2-4E408C425707}.Debug|Any CPU.ActiveCfg = Debug|Any CPU
		{8333C031-822D-46D3-82B2-4E408C425707}.Debug|Any CPU.Build.0 = Debug|Any CPU
		{8333C031-822D-46D3-82B2-4E408C425707}.Release|Any CPU.ActiveCfg = Release|Any CPU
		{8333C031-822D-46D3-82B2-4E408C425707}.Release|Any CPU.Build.0 = Release|Any CPU
	EndGlobalSection
	GlobalSection(SolutionProperties) = preSolution
		HideSolutionNode = FALSE
	EndGlobalSection
	GlobalSection(ExtensibilityGlobals) = postSolution
		SolutionGuid = {5ECD450E-BB5C-428A-87BF-222E08E94472}
	EndGlobalSection
EndGlobal
